{
  "requires": true,
  "lockfileVersion": 1,
  "dependencies": {
    "@types/node": {
      "version": "16.11.13",
      "resolved": "https://registry.npmjs.org/@types/node/-/node-16.11.13.tgz",
      "integrity": "sha512-eUXZzHLHoZqj1frtUetNkUetYoJ6X55UmrVnFD4DMhVeAmwLjniZhtBmsRiemQh4uq4G3vUra/Ws/hs9vEvL3Q=="
    },
    "flatbuffers": {
      "version": "2.0.4",
      "resolved": "https://registry.npmjs.org/flatbuffers/-/flatbuffers-2.0.4.tgz",
      "integrity": "sha512-4rUFVDPjSoP0tOII34oQf+72NKU7E088U5oX7kwICahft0UB2kOQ9wUzzCp+OHxByERIfxRDCgX5mP8Pjkfl0g=="
    }
  }
}
